{
  "name": "node-red-contrib-open-protocol",
  "version": "1.0.2",
  "lockfileVersion": 1,
  "requires": true,
  "dependencies": {
    "node-open-protocol": {
      "version": "git+https://github.com/masami10/node-open-protocol.git#a8a763f0f86ea998867ebe0b46507b22489084e9",
      "from": "git+https://github.com/masami10/node-open-protocol.git#master"
    }
  }
}
